
Microsoft Visual Studio Solution File, Format Version 12.00
# Visual Studio Version 17
VisualStudioVersion = 17.4.33213.308
MinimumVisualStudioVersion = 10.0.40219.1
Project("{9A19103F-16F7-4668-BE54-9A1E7A4F7556}") = "BookMagazinConsoleVersion", "BookMagazinConsoleVersion.csproj", "{849E979F-ABE8-4536-A78F-F1034BE69298}"
EndProject
Project("{2150E333-8FDC-42A3-9474-1A3956D46DE8}") = "Элементы решения", "Элементы решения", "{E746B0F9-8957-4853-80A3-379B9CD4518F}"
	ProjectSection(SolutionItems) = preProject
		AuthFile.csv = AuthFile.csv
		Books.csv = Books.csv
		CompositionIncome.csv = CompositionIncome.csv
		Declaration.csv = Declaration.csv
		Realize.csv = Realize.csv
		Suppliers.csv = Suppliers.csv
	EndProjectSection
EndProject
Global
	GlobalSection(SolutionConfigurationPlatforms) = preSolution
		Debug|Any CPU = Debug|Any CPU
		Release|Any CPU = Release|Any CPU
	EndGlobalSection
	GlobalSection(ProjectConfigurationPlatforms) = postSolution
		{849E979F-ABE8-4536-A78F-F1034BE69298}.Debug|Any CPU.ActiveCfg = Debug|Any CPU
		{849E979F-ABE8-4536-A78F-F1034BE69298}.Debug|Any CPU.Build.0 = Debug|Any CPU
		{849E979F-ABE8-4536-A78F-F1034BE69298}.Release|Any CPU.ActiveCfg = Release|Any CPU
		{849E979F-ABE8-4536-A78F-F1034BE69298}.Release|Any CPU.Build.0 = Release|Any CPU
	EndGlobalSection
	GlobalSection(SolutionProperties) = preSolution
		HideSolutionNode = FALSE
	EndGlobalSection
	GlobalSection(ExtensibilityGlobals) = postSolution
		SolutionGuid = {9BD66756-F0AE-43B6-8222-49F9AACA5FC6}
	EndGlobalSection
EndGlobal
